
Microsoft Visual Studio Solution File, Format Version 12.00
Project("{FAE04EC0-301F-11D3-BF4B-00C04F79EFBC}") = "CodingWombat.Incub8Vortex.Client", "CodingWombat.Incub8Vortex.Client\CodingWombat.Incub8Vortex.Client.csproj", "{4871BB04-8EC5-4000-9C89-218A3A9A9936}"
EndProject
Project("{FAE04EC0-301F-11D3-BF4B-00C04F79EFBC}") = "CodingWombat.Incub8Vortex.Client.Abstractions", "CodingWombat.Incub8Vortex.Client.Abstractions\CodingWombat.Incub8Vortex.Client.Abstractions.csproj", "{BB218BCF-4C27-4B8A-A316-40F3C165E0ED}"
EndProject
Project("{FAE04EC0-301F-11D3-BF4B-00C04F79EFBC}") = "CodingWombat.Incub8Vortex.ClientExtensions", "CodingWombat.Incub8Vortex.ClientExtensions\CodingWombat.Incub8Vortex.ClientExtensions.csproj", "{6D6D433A-6AB8-4D9B-BB5A-9D8A9DBBCC99}"
EndProject
Project("{FAE04EC0-301F-11D3-BF4B-00C04F79EFBC}") = "CodingWombat.Incub8Vortex.Client.Tests", "CodingWombat.Incub8Vortex.Client.Tests\CodingWombat.Incub8Vortex.Client.Tests.csproj", "{11F2EE74-A5A6-42E8-9DA2-3D66E4ADF0A3}"
EndProject
Project("{FAE04EC0-301F-11D3-BF4B-00C04F79EFBC}") = "CodingWombat.Incub8Vortex.Logger", "CodingWombat.Incub8Vortex.Logger\CodingWombat.Incub8Vortex.Logger.csproj", "{AA274FFE-8AD3-4984-BD76-7C97BD257F84}"
EndProject
Global
	GlobalSection(SolutionConfigurationPlatforms) = preSolution
		Debug|Any CPU = Debug|Any CPU
		Release|Any CPU = Release|Any CPU
	EndGlobalSection
	GlobalSection(ProjectConfigurationPlatforms) = postSolution
		{4871BB04-8EC5-4000-9C89-218A3A9A9936}.Debug|Any CPU.ActiveCfg = Debug|Any CPU
		{4871BB04-8EC5-4000-9C89-218A3A9A9936}.Debug|Any CPU.Build.0 = Debug|Any CPU
		{4871BB04-8EC5-4000-9C89-218A3A9A9936}.Release|Any CPU.ActiveCfg = Release|Any CPU
		{4871BB04-8EC5-4000-9C89-218A3A9A9936}.Release|Any CPU.Build.0 = Release|Any CPU
		{BB218BCF-4C27-4B8A-A316-40F3C165E0ED}.Debug|Any CPU.ActiveCfg = Debug|Any CPU
		{BB218BCF-4C27-4B8A-A316-40F3C165E0ED}.Debug|Any CPU.Build.0 = Debug|Any CPU
		{BB218BCF-4C27-4B8A-A316-40F3C165E0ED}.Release|Any CPU.ActiveCfg = Release|Any CPU
		{BB218BCF-4C27-4B8A-A316-40F3C165E0ED}.Release|Any CPU.Build.0 = Release|Any CPU
		{6D6D433A-6AB8-4D9B-BB5A-9D8A9DBBCC99}.Debug|Any CPU.ActiveCfg = Debug|Any CPU
		{6D6D433A-6AB8-4D9B-BB5A-9D8A9DBBCC99}.Debug|Any CPU.Build.0 = Debug|Any CPU
		{6D6D433A-6AB8-4D9B-BB5A-9D8A9DBBCC99}.Release|Any CPU.ActiveCfg = Release|Any CPU
		{6D6D433A-6AB8-4D9B-BB5A-9D8A9DBBCC99}.Release|Any CPU.Build.0 = Release|Any CPU
		{11F2EE74-A5A6-42E8-9DA2-3D66E4ADF0A3}.Debug|Any CPU.ActiveCfg = Debug|Any CPU
		{11F2EE74-A5A6-42E8-9DA2-3D66E4ADF0A3}.Debug|Any CPU.Build.0 = Debug|Any CPU
		{11F2EE74-A5A6-42E8-9DA2-3D66E4ADF0A3}.Release|Any CPU.ActiveCfg = Release|Any CPU
		{11F2EE74-A5A6-42E8-9DA2-3D66E4ADF0A3}.Release|Any CPU.Build.0 = Release|Any CPU
		{AA274FFE-8AD3-4984-BD76-7C97BD257F84}.Debug|Any CPU.ActiveCfg = Debug|Any CPU
		{AA274FFE-8AD3-4984-BD76-7C97BD257F84}.Debug|Any CPU.Build.0 = Debug|Any CPU
		{AA274FFE-8AD3-4984-BD76-7C97BD257F84}.Release|Any CPU.ActiveCfg = Release|Any CPU
		{AA274FFE-8AD3-4984-BD76-7C97BD257F84}.Release|Any CPU.Build.0 = Release|Any CPU
	EndGlobalSection
EndGlobal
